// !$*UTF8*$!
{
	archiveVersion = 1;
	classes = {
	};
	objectVersion = 46;
	objects = {

/* Begin PBXBuildFile section */
		1DBD0E17144F287900D4F3B6 /* main.c in Sources */ = {isa = PBXBuildFile; fileRef = 1DBD0E16144F287900D4F3B6 /* main.c */; };
		1DBD0E19144F287900D4F3B6 /* yostring.1 in CopyFiles */ = {isa = PBXBuildFile; fileRef = 1DBD0E18144F287900D4F3B6 /* yostring.1 */; };
/* End PBXBuildFile section */

/* Begin PBXCopyFilesBuildPhase section */
		1DBD0E10144F287900D4F3B6 /* CopyFiles */ = {
			isa = PBXCopyFilesBuildPhase;
			buildActionMask = 2147483647;
			dstPath = /usr/share/man/man1/;
			dstSubfolderSpec = 0;
			files = (
				1DBD0E19144F287900D4F3B6 /* yostring.1 in CopyFiles */,
			);
			runOnlyForDeploymentPostprocessing = 1;
		};
/* End PBXCopyFilesBuildPhase section */

/* Begin PBXFileReference section */
		1DBD0E12144F287900D4F3B6 /* yostring */ = {isa = PBXFileReference; explicitFileType = "compiled.mach-o.executable"; includeInIndex = 0; path = yostring; sourceTree = BUILT_PRODUCTS_DIR; };
		1DBD0E16144F287900D4F3B6 /* main.c */ = {isa = PBXFileReference; lastKnownFileType = sourcecode.c.c; path = main.c; sourceTree = "<group>"; };
		1DBD0E18144F287900D4F3B6 /* yostring.1 */ = {isa = PBXFileReference; lastKnownFileType = text.man; path = yostring.1; sourceTree = "<group>"; };
/* End PBXFileReference section */

/* Begin PBXFrameworksBuildPhase section */
		1DBD0E0F144F287900D4F3B6 /* Frameworks */ = {
			isa = PBXFrameworksBuildPhase;
			buildActionMask = 2147483647;
			files = (
			);
			runOnlyForDeploymentPostprocessing = 0;
		};
/* End PBXFrameworksBuildPhase section */

/* Begin PBXGroup section */
		1DBD0E07144F287900D4F3B6 = {
			isa = PBXGroup;
			children = (
				1DBD0E15144F287900D4F3B6 /* yostring */,
				1DBD0E13144F287900D4F3B6 /* Products */,
			);
			sourceTree = "<group>";
		};
		1DBD0E13144F287900D4F3B6 /* Products */ = {
			isa = PBXGroup;
			children = (
				1DBD0E12144F287900D4F3B6 /* yostring */,
			);
			name = Products;
			sourceTree = "<group>";
		};
		1DBD0E15144F287900D4F3B6 /* yostring */ = {
			isa = PBXGroup;
			children = (
				1DBD0E16144F287900D4F3B6 /* main.c */,
				1DBD0E18144F287900D4F3B6 /* yostring.1 */,
			);
			path = yostring;
			sourceTree = "<group>";
		};
/* End PBXGroup section */

/* Begin PBXNativeTarget section */
		1DBD0E11144F287900D4F3B6 /* yostring */ = {
			isa = PBXNativeTarget;
			buildConfigurationList = 1DBD0E1C144F287900D4F3B6 /* Build configuration list for PBXNativeTarget "yostring" */;
			buildPhases = (
				1DBD0E0E144F287900D4F3B6 /* Sources */,
				1DBD0E0F144F287900D4F3B6 /* Frameworks */,
				1DBD0E10144F287900D4F3B6 /* CopyFiles */,
			);
			buildRules = (
			);
			dependencies = (
			);
			name = yostring;
			productName = yostring;
			productReference = 1DBD0E12144F287900D4F3B6 /* yostring */;
			productType = "com.apple.product-type.tool";
		};
/* End PBXNativeTarget section */

/* Begin PBXProject section */
		1DBD0E09144F287900D4F3B6 /* Project object */ = {
			isa = PBXProject;
			attributes = {
				LastUpgradeCheck = 0420;
				ORGANIZATIONNAME = "Istarel Workshop LLC";
			};
			buildConfigurationList = 1DBD0E0C144F287900D4F3B6 /* Build configuration list for PBXProject "yostring" */;
			compatibilityVersion = "Xcode 3.2";
			developmentRegion = English;
			hasScannedForEncodings = 0;
			knownRegions = (
				en,
			);
			mainGroup = 1DBD0E07144F287900D4F3B6;
			productRefGroup = 1DBD0E13144F287900D4F3B6 /* Products */;
			projectDirPath = "";
			projectRoot = "";
			targets = (
				1DBD0E11144F287900D4F3B6 /* yostring */,
			);
		};
/* End PBXProject section */

/* Begin PBXSourcesBuildPhase section */
		1DBD0E0E144F287900D4F3B6 /* Sources */ = {
			isa = PBXSourcesBuildPhase;
			buildActionMask = 2147483647;
			files = (
				1DBD0E17144F287900D4F3B6 /* main.c in Sources */,
			);
			runOnlyForDeploymentPostprocessing = 0;
		};
/* End PBXSourcesBuildPhase section */

/* Begin XCBuildConfiguration section */
		1DBD0E1A144F287900D4F3B6 /* Debug */ = {
			isa = XCBuildConfiguration;
			buildSettings = {
				ALWAYS_SEARCH_USER_PATHS = NO;
				ARCHS = "$(ARCHS_STANDARD_64_BIT)";
				CLANG_ENABLE_OBJC_ARC = YES;
				COPY_PHASE_STRIP = NO;
				GCC_C_LANGUAGE_STANDARD = gnu99;
				GCC_DYNAMIC_NO_PIC = NO;
				GCC_ENABLE_OBJC_EXCEPTIONS = YES;
				GCC_OPTIMIZATION_LEVEL = 0;
				GCC_PREPROCESSOR_DEFINITIONS = (
					"DEBUG=1",
					"$(inherited)",
				);
				GCC_SYMBOLS_PRIVATE_EXTERN = NO;
				GCC_VERSION = com.apple.compilers.llvm.clang.1_0;
				GCC_WARN_64_TO_32_BIT_CONVERSION = YES;
				GCC_WARN_ABOUT_MISSING_PROTOTYPES = YES;
				GCC_WARN_ABOUT_RETURN_TYPE = YES;
				GCC_WARN_UNUSED_VARIABLE = YES;
				MACOSX_DEPLOYMENT_TARGET = 10.7;
				ONLY_ACTIVE_ARCH = YES;
				SDKROOT = macosx;
			};
			name = Debug;
		};
		1DBD0E1B144F287900D4F3B6 /* Release */ = {
			isa = XCBuildConfiguration;
			buildSettings = {
				ALWAYS_SEARCH_USER_PATHS = NO;
				ARCHS = "$(ARCHS_STANDARD_64_BIT)";
				CLANG_ENABLE_OBJC_ARC = YES;
				COPY_PHASE_STRIP = YES;
				DEBUG_INFORMATION_FORMAT = "dwarf-with-dsym";
				GCC_C_LANGUAGE_STANDARD = gnu99;
				GCC_ENABLE_OBJC_EXCEPTIONS = YES;
				GCC_VERSION = com.apple.compilers.llvm.clang.1_0;
				GCC_WARN_64_TO_32_BIT_CONVERSION = YES;
				GCC_WARN_ABOUT_MISSING_PROTOTYPES = YES;
				GCC_WARN_ABOUT_RETURN_TYPE = YES;
				GCC_WARN_UNUSED_VARIABLE = YES;
				MACOSX_DEPLOYMENT_TARGET = 10.7;
				SDKROOT = macosx;
			};
			name = Release;
		};
		1DBD0E1D144F287900D4F3B6 /* Debug */ = {
			isa = XCBuildConfiguration;
			buildSettings = {
				PRODUCT_NAME = "$(TARGET_NAME)";
			};
			name = Debug;
		};
		1DBD0E1E144F287900D4F3B6 /* Release */ = {
			isa = XCBuildConfiguration;
			buildSettings = {
				PRODUCT_NAME = "$(TARGET_NAME)";
			};
			name = Release;
		};
/* End XCBuildConfiguration section */

/* Begin XCConfigurationList section */
		1DBD0E0C144F287900D4F3B6 /* Build configuration list for PBXProject "yostring" */ = {
			isa = XCConfigurationList;
			buildConfigurations = (
				1DBD0E1A144F287900D4F3B6 /* Debug */,
				1DBD0E1B144F287900D4F3B6 /* Release */,
			);
			defaultConfigurationIsVisible = 0;
			defaultConfigurationName = Release;
		};
		1DBD0E1C144F287900D4F3B6 /* Build configuration list for PBXNativeTarget "yostring" */ = {
			isa = XCConfigurationList;
			buildConfigurations = (
				1DBD0E1D144F287900D4F3B6 /* Debug */,
				1DBD0E1E144F287900D4F3B6 /* Release */,
			);
			defaultConfigurationIsVisible = 0;
		};
/* End XCConfigurationList section */
	};
	rootObject = 1DBD0E09144F287900D4F3B6 /* Project object */;
}
