// !$*UTF8*$!
{
	archiveVersion = 1;
	classes = {
	};
	objectVersion = 46;
	objects = {

/* Begin PBXBuildFile section */
		524B856E1CA651C0002266B2 /* main.m in Sources */ = {isa = PBXBuildFile; fileRef = 524B856D1CA651C0002266B2 /* main.m */; };
		524B85711CA651C0002266B2 /* AppDelegate.m in Sources */ = {isa = PBXBuildFile; fileRef = 524B85701CA651C0002266B2 /* AppDelegate.m */; };
		524B85771CA651C0002266B2 /* Main.storyboard in Resources */ = {isa = PBXBuildFile; fileRef = 524B85751CA651C0002266B2 /* Main.storyboard */; };
		524B85791CA651C0002266B2 /* Assets.xcassets in Resources */ = {isa = PBXBuildFile; fileRef = 524B85781CA651C0002266B2 /* Assets.xcassets */; };
		524B857C1CA651C0002266B2 /* LaunchScreen.storyboard in Resources */ = {isa = PBXBuildFile; fileRef = 524B857A1CA651C0002266B2 /* LaunchScreen.storyboard */; };
		524B85871CA651C0002266B2 /* AssignTableViewControllerTests.m in Sources */ = {isa = PBXBuildFile; fileRef = 524B85861CA651C0002266B2 /* AssignTableViewControllerTests.m */; };
		524B85931CA6523E002266B2 /* TableViewController.m in Sources */ = {isa = PBXBuildFile; fileRef = 524B85921CA6523E002266B2 /* TableViewController.m */; };
		524B85971CA655A4002266B2 /* image1.jpg in Resources */ = {isa = PBXBuildFile; fileRef = 524B85941CA655A4002266B2 /* image1.jpg */; };
		524B85981CA655A4002266B2 /* image2.jpg in Resources */ = {isa = PBXBuildFile; fileRef = 524B85951CA655A4002266B2 /* image2.jpg */; };
		524B85991CA655A4002266B2 /* image3.jpg in Resources */ = {isa = PBXBuildFile; fileRef = 524B85961CA655A4002266B2 /* image3.jpg */; };
		524B859C1CA65701002266B2 /* TableViewCell.m in Sources */ = {isa = PBXBuildFile; fileRef = 524B859B1CA65701002266B2 /* TableViewCell.m */; };
		524F891F1CA7C39500775F3A /* ViewController.m in Sources */ = {isa = PBXBuildFile; fileRef = 524F891E1CA7C39500775F3A /* ViewController.m */; };
/* End PBXBuildFile section */

/* Begin PBXContainerItemProxy section */
		524B85831CA651C0002266B2 /* PBXContainerItemProxy */ = {
			isa = PBXContainerItemProxy;
			containerPortal = 524B85611CA651C0002266B2 /* Project object */;
			proxyType = 1;
			remoteGlobalIDString = 524B85681CA651C0002266B2;
			remoteInfo = AssignTableViewController;
		};
/* End PBXContainerItemProxy section */

/* Begin PBXFileReference section */
		524B85691CA651C0002266B2 /* AssignTableViewController.app */ = {isa = PBXFileReference; explicitFileType = wrapper.application; includeInIndex = 0; path = AssignTableViewController.app; sourceTree = BUILT_PRODUCTS_DIR; };
		524B856D1CA651C0002266B2 /* main.m */ = {isa = PBXFileReference; lastKnownFileType = sourcecode.c.objc; path = main.m; sourceTree = "<group>"; };
		524B856F1CA651C0002266B2 /* AppDelegate.h */ = {isa = PBXFileReference; lastKnownFileType = sourcecode.c.h; path = AppDelegate.h; sourceTree = "<group>"; };
		524B85701CA651C0002266B2 /* AppDelegate.m */ = {isa = PBXFileReference; lastKnownFileType = sourcecode.c.objc; path = AppDelegate.m; sourceTree = "<group>"; };
		524B85761CA651C0002266B2 /* Base */ = {isa = PBXFileReference; lastKnownFileType = file.storyboard; name = Base; path = Base.lproj/Main.storyboard; sourceTree = "<group>"; };
		524B85781CA651C0002266B2 /* Assets.xcassets */ = {isa = PBXFileReference; lastKnownFileType = folder.assetcatalog; path = Assets.xcassets; sourceTree = "<group>"; };
		524B857B1CA651C0002266B2 /* Base */ = {isa = PBXFileReference; lastKnownFileType = file.storyboard; name = Base; path = Base.lproj/LaunchScreen.storyboard; sourceTree = "<group>"; };
		524B857D1CA651C0002266B2 /* Info.plist */ = {isa = PBXFileReference; lastKnownFileType = text.plist.xml; path = Info.plist; sourceTree = "<group>"; };
		524B85821CA651C0002266B2 /* AssignTableViewControllerTests.xctest */ = {isa = PBXFileReference; explicitFileType = wrapper.cfbundle; includeInIndex = 0; path = AssignTableViewControllerTests.xctest; sourceTree = BUILT_PRODUCTS_DIR; };
		524B85861CA651C0002266B2 /* AssignTableViewControllerTests.m */ = {isa = PBXFileReference; lastKnownFileType = sourcecode.c.objc; path = AssignTableViewControllerTests.m; sourceTree = "<group>"; };
		524B85881CA651C0002266B2 /* Info.plist */ = {isa = PBXFileReference; lastKnownFileType = text.plist.xml; path = Info.plist; sourceTree = "<group>"; };
		524B85911CA6523E002266B2 /* TableViewController.h */ = {isa = PBXFileReference; fileEncoding = 4; lastKnownFileType = sourcecode.c.h; name = TableViewController.h; path = ../TableViewController.h; sourceTree = "<group>"; };
		524B85921CA6523E002266B2 /* TableViewController.m */ = {isa = PBXFileReference; fileEncoding = 4; lastKnownFileType = sourcecode.c.objc; name = TableViewController.m; path = ../TableViewController.m; sourceTree = "<group>"; };
		524B85941CA655A4002266B2 /* image1.jpg */ = {isa = PBXFileReference; lastKnownFileType = image.jpeg; path = image1.jpg; sourceTree = "<group>"; };
		524B85951CA655A4002266B2 /* image2.jpg */ = {isa = PBXFileReference; lastKnownFileType = image.jpeg; path = image2.jpg; sourceTree = "<group>"; };
		524B85961CA655A4002266B2 /* image3.jpg */ = {isa = PBXFileReference; lastKnownFileType = image.jpeg; path = image3.jpg; sourceTree = "<group>"; };
		524B859A1CA65701002266B2 /* TableViewCell.h */ = {isa = PBXFileReference; fileEncoding = 4; lastKnownFileType = sourcecode.c.h; path = TableViewCell.h; sourceTree = "<group>"; };
		524B859B1CA65701002266B2 /* TableViewCell.m */ = {isa = PBXFileReference; fileEncoding = 4; lastKnownFileType = sourcecode.c.objc; path = TableViewCell.m; sourceTree = "<group>"; };
		524F891D1CA7C39500775F3A /* ViewController.h */ = {isa = PBXFileReference; fileEncoding = 4; lastKnownFileType = sourcecode.c.h; name = ViewController.h; path = ../ViewController.h; sourceTree = "<group>"; };
		524F891E1CA7C39500775F3A /* ViewController.m */ = {isa = PBXFileReference; fileEncoding = 4; lastKnownFileType = sourcecode.c.objc; name = ViewController.m; path = ../ViewController.m; sourceTree = "<group>"; };
/* End PBXFileReference section */

/* Begin PBXFrameworksBuildPhase section */
		524B85661CA651C0002266B2 /* Frameworks */ = {
			isa = PBXFrameworksBuildPhase;
			buildActionMask = 2147483647;
			files = (
			);
			runOnlyForDeploymentPostprocessing = 0;
		};
		524B857F1CA651C0002266B2 /* Frameworks */ = {
			isa = PBXFrameworksBuildPhase;
			buildActionMask = 2147483647;
			files = (
			);
			runOnlyForDeploymentPostprocessing = 0;
		};
/* End PBXFrameworksBuildPhase section */

/* Begin PBXGroup section */
		524B85601CA651C0002266B2 = {
			isa = PBXGroup;
			children = (
				524B856B1CA651C0002266B2 /* AssignTableViewController */,
				524B85851CA651C0002266B2 /* AssignTableViewControllerTests */,
				524B856A1CA651C0002266B2 /* Products */,
			);
			sourceTree = "<group>";
		};
		524B856A1CA651C0002266B2 /* Products */ = {
			isa = PBXGroup;
			children = (
				524B85691CA651C0002266B2 /* AssignTableViewController.app */,
				524B85821CA651C0002266B2 /* AssignTableViewControllerTests.xctest */,
			);
			name = Products;
			sourceTree = "<group>";
		};
		524B856B1CA651C0002266B2 /* AssignTableViewController */ = {
			isa = PBXGroup;
			children = (
				524B856F1CA651C0002266B2 /* AppDelegate.h */,
				524B85701CA651C0002266B2 /* AppDelegate.m */,
				524B85751CA651C0002266B2 /* Main.storyboard */,
				524B85911CA6523E002266B2 /* TableViewController.h */,
				524B85921CA6523E002266B2 /* TableViewController.m */,
				524B859A1CA65701002266B2 /* TableViewCell.h */,
				524B859B1CA65701002266B2 /* TableViewCell.m */,
				524F891D1CA7C39500775F3A /* ViewController.h */,
				524F891E1CA7C39500775F3A /* ViewController.m */,
				524B85781CA651C0002266B2 /* Assets.xcassets */,
				524B857A1CA651C0002266B2 /* LaunchScreen.storyboard */,
				524B857D1CA651C0002266B2 /* Info.plist */,
				524B856C1CA651C0002266B2 /* Supporting Files */,
			);
			path = AssignTableViewController;
			sourceTree = "<group>";
		};
		524B856C1CA651C0002266B2 /* Supporting Files */ = {
			isa = PBXGroup;
			children = (
				524B85941CA655A4002266B2 /* image1.jpg */,
				524B85951CA655A4002266B2 /* image2.jpg */,
				524B85961CA655A4002266B2 /* image3.jpg */,
				524B856D1CA651C0002266B2 /* main.m */,
			);
			name = "Supporting Files";
			sourceTree = "<group>";
		};
		524B85851CA651C0002266B2 /* AssignTableViewControllerTests */ = {
			isa = PBXGroup;
			children = (
				524B85861CA651C0002266B2 /* AssignTableViewControllerTests.m */,
				524B85881CA651C0002266B2 /* Info.plist */,
			);
			path = AssignTableViewControllerTests;
			sourceTree = "<group>";
		};
/* End PBXGroup section */

/* Begin PBXNativeTarget section */
		524B85681CA651C0002266B2 /* AssignTableViewController */ = {
			isa = PBXNativeTarget;
			buildConfigurationList = 524B858B1CA651C0002266B2 /* Build configuration list for PBXNativeTarget "AssignTableViewController" */;
			buildPhases = (
				524B85651CA651C0002266B2 /* Sources */,
				524B85661CA651C0002266B2 /* Frameworks */,
				524B85671CA651C0002266B2 /* Resources */,
			);
			buildRules = (
			);
			dependencies = (
			);
			name = AssignTableViewController;
			productName = AssignTableViewController;
			productReference = 524B85691CA651C0002266B2 /* AssignTableViewController.app */;
			productType = "com.apple.product-type.application";
		};
		524B85811CA651C0002266B2 /* AssignTableViewControllerTests */ = {
			isa = PBXNativeTarget;
			buildConfigurationList = 524B858E1CA651C0002266B2 /* Build configuration list for PBXNativeTarget "AssignTableViewControllerTests" */;
			buildPhases = (
				524B857E1CA651C0002266B2 /* Sources */,
				524B857F1CA651C0002266B2 /* Frameworks */,
				524B85801CA651C0002266B2 /* Resources */,
			);
			buildRules = (
			);
			dependencies = (
				524B85841CA651C0002266B2 /* PBXTargetDependency */,
			);
			name = AssignTableViewControllerTests;
			productName = AssignTableViewControllerTests;
			productReference = 524B85821CA651C0002266B2 /* AssignTableViewControllerTests.xctest */;
			productType = "com.apple.product-type.bundle.unit-test";
		};
/* End PBXNativeTarget section */

/* Begin PBXProject section */
		524B85611CA651C0002266B2 /* Project object */ = {
			isa = PBXProject;
			attributes = {
				LastUpgradeCheck = 0720;
				ORGANIZATIONNAME = "MacBook Pro";
				TargetAttributes = {
					524B85681CA651C0002266B2 = {
						CreatedOnToolsVersion = 7.2;
					};
					524B85811CA651C0002266B2 = {
						CreatedOnToolsVersion = 7.2;
						TestTargetID = 524B85681CA651C0002266B2;
					};
				};
			};
			buildConfigurationList = 524B85641CA651C0002266B2 /* Build configuration list for PBXProject "AssignTableViewController" */;
			compatibilityVersion = "Xcode 3.2";
			developmentRegion = English;
			hasScannedForEncodings = 0;
			knownRegions = (
				en,
				Base,
			);
			mainGroup = 524B85601CA651C0002266B2;
			productRefGroup = 524B856A1CA651C0002266B2 /* Products */;
			projectDirPath = "";
			projectRoot = "";
			targets = (
				524B85681CA651C0002266B2 /* AssignTableViewController */,
				524B85811CA651C0002266B2 /* AssignTableViewControllerTests */,
			);
		};
/* End PBXProject section */

/* Begin PBXResourcesBuildPhase section */
		524B85671CA651C0002266B2 /* Resources */ = {
			isa = PBXResourcesBuildPhase;
			buildActionMask = 2147483647;
			files = (
				524B857C1CA651C0002266B2 /* LaunchScreen.storyboard in Resources */,
				524B85981CA655A4002266B2 /* image2.jpg in Resources */,
				524B85971CA655A4002266B2 /* image1.jpg in Resources */,
				524B85991CA655A4002266B2 /* image3.jpg in Resources */,
				524B85791CA651C0002266B2 /* Assets.xcassets in Resources */,
				524B85771CA651C0002266B2 /* Main.storyboard in Resources */,
			);
			runOnlyForDeploymentPostprocessing = 0;
		};
		524B85801CA651C0002266B2 /* Resources */ = {
			isa = PBXResourcesBuildPhase;
			buildActionMask = 2147483647;
			files = (
			);
			runOnlyForDeploymentPostprocessing = 0;
		};
/* End PBXResourcesBuildPhase section */

/* Begin PBXSourcesBuildPhase section */
		524B85651CA651C0002266B2 /* Sources */ = {
			isa = PBXSourcesBuildPhase;
			buildActionMask = 2147483647;
			files = (
				524B85711CA651C0002266B2 /* AppDelegate.m in Sources */,
				524B859C1CA65701002266B2 /* TableViewCell.m in Sources */,
				524B85931CA6523E002266B2 /* TableViewController.m in Sources */,
				524B856E1CA651C0002266B2 /* main.m in Sources */,
				524F891F1CA7C39500775F3A /* ViewController.m in Sources */,
			);
			runOnlyForDeploymentPostprocessing = 0;
		};
		524B857E1CA651C0002266B2 /* Sources */ = {
			isa = PBXSourcesBuildPhase;
			buildActionMask = 2147483647;
			files = (
				524B85871CA651C0002266B2 /* AssignTableViewControllerTests.m in Sources */,
			);
			runOnlyForDeploymentPostprocessing = 0;
		};
/* End PBXSourcesBuildPhase section */

/* Begin PBXTargetDependency section */
		524B85841CA651C0002266B2 /* PBXTargetDependency */ = {
			isa = PBXTargetDependency;
			target = 524B85681CA651C0002266B2 /* AssignTableViewController */;
			targetProxy = 524B85831CA651C0002266B2 /* PBXContainerItemProxy */;
		};
/* End PBXTargetDependency section */

/* Begin PBXVariantGroup section */
		524B85751CA651C0002266B2 /* Main.storyboard */ = {
			isa = PBXVariantGroup;
			children = (
				524B85761CA651C0002266B2 /* Base */,
			);
			name = Main.storyboard;
			sourceTree = "<group>";
		};
		524B857A1CA651C0002266B2 /* LaunchScreen.storyboard */ = {
			isa = PBXVariantGroup;
			children = (
				524B857B1CA651C0002266B2 /* Base */,
			);
			name = LaunchScreen.storyboard;
			sourceTree = "<group>";
		};
/* End PBXVariantGroup section */

/* Begin XCBuildConfiguration section */
		524B85891CA651C0002266B2 /* Debug */ = {
			isa = XCBuildConfiguration;
			buildSettings = {
				ALWAYS_SEARCH_USER_PATHS = NO;
				CLANG_CXX_LANGUAGE_STANDARD = "gnu++0x";
				CLANG_CXX_LIBRARY = "libc++";
				CLANG_ENABLE_MODULES = YES;
				CLANG_ENABLE_OBJC_ARC = YES;
				CLANG_WARN_BOOL_CONVERSION = YES;
				CLANG_WARN_CONSTANT_CONVERSION = YES;
				CLANG_WARN_DIRECT_OBJC_ISA_USAGE = YES_ERROR;
				CLANG_WARN_EMPTY_BODY = YES;
				CLANG_WARN_ENUM_CONVERSION = YES;
				CLANG_WARN_INT_CONVERSION = YES;
				CLANG_WARN_OBJC_ROOT_CLASS = YES_ERROR;
				CLANG_WARN_UNREACHABLE_CODE = YES;
				CLANG_WARN__DUPLICATE_METHOD_MATCH = YES;
				"CODE_SIGN_IDENTITY[sdk=iphoneos*]" = "iPhone Developer";
				COPY_PHASE_STRIP = NO;
				DEBUG_INFORMATION_FORMAT = dwarf;
				ENABLE_STRICT_OBJC_MSGSEND = YES;
				ENABLE_TESTABILITY = YES;
				GCC_C_LANGUAGE_STANDARD = gnu99;
				GCC_DYNAMIC_NO_PIC = NO;
				GCC_NO_COMMON_BLOCKS = YES;
				GCC_OPTIMIZATION_LEVEL = 0;
				GCC_PREPROCESSOR_DEFINITIONS = (
					"DEBUG=1",
					"$(inherited)",
				);
				GCC_WARN_64_TO_32_BIT_CONVERSION = YES;
				GCC_WARN_ABOUT_RETURN_TYPE = YES_ERROR;
				GCC_WARN_UNDECLARED_SELECTOR = YES;
				GCC_WARN_UNINITIALIZED_AUTOS = YES_AGGRESSIVE;
				GCC_WARN_UNUSED_FUNCTION = YES;
				GCC_WARN_UNUSED_VARIABLE = YES;
				IPHONEOS_DEPLOYMENT_TARGET = 9.2;
				MTL_ENABLE_DEBUG_INFO = YES;
				ONLY_ACTIVE_ARCH = YES;
				SDKROOT = iphoneos;
			};
			name = Debug;
		};
		524B858A1CA651C0002266B2 /* Release */ = {
			isa = XCBuildConfiguration;
			buildSettings = {
				ALWAYS_SEARCH_USER_PATHS = NO;
				CLANG_CXX_LANGUAGE_STANDARD = "gnu++0x";
				CLANG_CXX_LIBRARY = "libc++";
				CLANG_ENABLE_MODULES = YES;
				CLANG_ENABLE_OBJC_ARC = YES;
				CLANG_WARN_BOOL_CONVERSION = YES;
				CLANG_WARN_CONSTANT_CONVERSION = YES;
				CLANG_WARN_DIRECT_OBJC_ISA_USAGE = YES_ERROR;
				CLANG_WARN_EMPTY_BODY = YES;
				CLANG_WARN_ENUM_CONVERSION = YES;
				CLANG_WARN_INT_CONVERSION = YES;
				CLANG_WARN_OBJC_ROOT_CLASS = YES_ERROR;
				CLANG_WARN_UNREACHABLE_CODE = YES;
				CLANG_WARN__DUPLICATE_METHOD_MATCH = YES;
				"CODE_SIGN_IDENTITY[sdk=iphoneos*]" = "iPhone Developer";
				COPY_PHASE_STRIP = NO;
				DEBUG_INFORMATION_FORMAT = "dwarf-with-dsym";
				ENABLE_NS_ASSERTIONS = NO;
				ENABLE_STRICT_OBJC_MSGSEND = YES;
				GCC_C_LANGUAGE_STANDARD = gnu99;
				GCC_NO_COMMON_BLOCKS = YES;
				GCC_WARN_64_TO_32_BIT_CONVERSION = YES;
				GCC_WARN_ABOUT_RETURN_TYPE = YES_ERROR;
				GCC_WARN_UNDECLARED_SELECTOR = YES;
				GCC_WARN_UNINITIALIZED_AUTOS = YES_AGGRESSIVE;
				GCC_WARN_UNUSED_FUNCTION = YES;
				GCC_WARN_UNUSED_VARIABLE = YES;
				IPHONEOS_DEPLOYMENT_TARGET = 9.2;
				MTL_ENABLE_DEBUG_INFO = NO;
				SDKROOT = iphoneos;
				VALIDATE_PRODUCT = YES;
			};
			name = Release;
		};
		524B858C1CA651C0002266B2 /* Debug */ = {
			isa = XCBuildConfiguration;
			buildSettings = {
				ASSETCATALOG_COMPILER_APPICON_NAME = AppIcon;
				INFOPLIST_FILE = AssignTableViewController/Info.plist;
				LD_RUNPATH_SEARCH_PATHS = "$(inherited) @executable_path/Frameworks";
				PRODUCT_BUNDLE_IDENTIFIER = com.ideabytes.AssignTableViewController;
				PRODUCT_NAME = "$(TARGET_NAME)";
			};
			name = Debug;
		};
		524B858D1CA651C0002266B2 /* Release */ = {
			isa = XCBuildConfiguration;
			buildSettings = {
				ASSETCATALOG_COMPILER_APPICON_NAME = AppIcon;
				INFOPLIST_FILE = AssignTableViewController/Info.plist;
				LD_RUNPATH_SEARCH_PATHS = "$(inherited) @executable_path/Frameworks";
				PRODUCT_BUNDLE_IDENTIFIER = com.ideabytes.AssignTableViewController;
				PRODUCT_NAME = "$(TARGET_NAME)";
			};
			name = Release;
		};
		524B858F1CA651C0002266B2 /* Debug */ = {
			isa = XCBuildConfiguration;
			buildSettings = {
				BUNDLE_LOADER = "$(TEST_HOST)";
				INFOPLIST_FILE = AssignTableViewControllerTests/Info.plist;
				LD_RUNPATH_SEARCH_PATHS = "$(inherited) @executable_path/Frameworks @loader_path/Frameworks";
				PRODUCT_BUNDLE_IDENTIFIER = com.ideabytes.AssignTableViewControllerTests;
				PRODUCT_NAME = "$(TARGET_NAME)";
				TEST_HOST = "$(BUILT_PRODUCTS_DIR)/AssignTableViewController.app/AssignTableViewController";
			};
			name = Debug;
		};
		524B85901CA651C0002266B2 /* Release */ = {
			isa = XCBuildConfiguration;
			buildSettings = {
				BUNDLE_LOADER = "$(TEST_HOST)";
				INFOPLIST_FILE = AssignTableViewControllerTests/Info.plist;
				LD_RUNPATH_SEARCH_PATHS = "$(inherited) @executable_path/Frameworks @loader_path/Frameworks";
				PRODUCT_BUNDLE_IDENTIFIER = com.ideabytes.AssignTableViewControllerTests;
				PRODUCT_NAME = "$(TARGET_NAME)";
				TEST_HOST = "$(BUILT_PRODUCTS_DIR)/AssignTableViewController.app/AssignTableViewController";
			};
			name = Release;
		};
/* End XCBuildConfiguration section */

/* Begin XCConfigurationList section */
		524B85641CA651C0002266B2 /* Build configuration list for PBXProject "AssignTableViewController" */ = {
			isa = XCConfigurationList;
			buildConfigurations = (
				524B85891CA651C0002266B2 /* Debug */,
				524B858A1CA651C0002266B2 /* Release */,
			);
			defaultConfigurationIsVisible = 0;
			defaultConfigurationName = Release;
		};
		524B858B1CA651C0002266B2 /* Build configuration list for PBXNativeTarget "AssignTableViewController" */ = {
			isa = XCConfigurationList;
			buildConfigurations = (
				524B858C1CA651C0002266B2 /* Debug */,
				524B858D1CA651C0002266B2 /* Release */,
			);
			defaultConfigurationIsVisible = 0;
			defaultConfigurationName = Release;
		};
		524B858E1CA651C0002266B2 /* Build configuration list for PBXNativeTarget "AssignTableViewControllerTests" */ = {
			isa = XCConfigurationList;
			buildConfigurations = (
				524B858F1CA651C0002266B2 /* Debug */,
				524B85901CA651C0002266B2 /* Release */,
			);
			defaultConfigurationIsVisible = 0;
			defaultConfigurationName = Release;
		};
/* End XCConfigurationList section */
	};
	rootObject = 524B85611CA651C0002266B2 /* Project object */;
}
