// !$*UTF8*$!
{
	archiveVersion = 1;
	classes = {
	};
	objectVersion = 46;
	objects = {

/* Begin PBXBuildFile section */
		528D5DE81CEAF6AB00EA0051 /* main.m in Sources */ = {isa = PBXBuildFile; fileRef = 528D5DE71CEAF6AB00EA0051 /* main.m */; };
		528D5DEB1CEAF6AB00EA0051 /* AppDelegate.m in Sources */ = {isa = PBXBuildFile; fileRef = 528D5DEA1CEAF6AB00EA0051 /* AppDelegate.m */; };
		528D5DEE1CEAF6AB00EA0051 /* ViewController.m in Sources */ = {isa = PBXBuildFile; fileRef = 528D5DED1CEAF6AB00EA0051 /* ViewController.m */; };
		528D5DF11CEAF6AB00EA0051 /* Main.storyboard in Resources */ = {isa = PBXBuildFile; fileRef = 528D5DEF1CEAF6AB00EA0051 /* Main.storyboard */; };
		528D5DF41CEAF6AB00EA0051 /* ProtocalAndDelegate.xcdatamodeld in Sources */ = {isa = PBXBuildFile; fileRef = 528D5DF21CEAF6AB00EA0051 /* ProtocalAndDelegate.xcdatamodeld */; };
		528D5DF61CEAF6AB00EA0051 /* Assets.xcassets in Resources */ = {isa = PBXBuildFile; fileRef = 528D5DF51CEAF6AB00EA0051 /* Assets.xcassets */; };
		528D5DF91CEAF6AB00EA0051 /* LaunchScreen.storyboard in Resources */ = {isa = PBXBuildFile; fileRef = 528D5DF71CEAF6AB00EA0051 /* LaunchScreen.storyboard */; };
		528D5E041CEAF6AC00EA0051 /* ProtocalAndDelegateTests.m in Sources */ = {isa = PBXBuildFile; fileRef = 528D5E031CEAF6AC00EA0051 /* ProtocalAndDelegateTests.m */; };
		528D5E101CEAF88C00EA0051 /* SampleProtocal.m in Sources */ = {isa = PBXBuildFile; fileRef = 528D5E0F1CEAF88C00EA0051 /* SampleProtocal.m */; };
/* End PBXBuildFile section */

/* Begin PBXContainerItemProxy section */
		528D5E001CEAF6AC00EA0051 /* PBXContainerItemProxy */ = {
			isa = PBXContainerItemProxy;
			containerPortal = 528D5DDB1CEAF6AB00EA0051 /* Project object */;
			proxyType = 1;
			remoteGlobalIDString = 528D5DE21CEAF6AB00EA0051;
			remoteInfo = ProtocalAndDelegate;
		};
/* End PBXContainerItemProxy section */

/* Begin PBXFileReference section */
		528D5DE31CEAF6AB00EA0051 /* ProtocalAndDelegate.app */ = {isa = PBXFileReference; explicitFileType = wrapper.application; includeInIndex = 0; path = ProtocalAndDelegate.app; sourceTree = BUILT_PRODUCTS_DIR; };
		528D5DE71CEAF6AB00EA0051 /* main.m */ = {isa = PBXFileReference; lastKnownFileType = sourcecode.c.objc; path = main.m; sourceTree = "<group>"; };
		528D5DE91CEAF6AB00EA0051 /* AppDelegate.h */ = {isa = PBXFileReference; lastKnownFileType = sourcecode.c.h; path = AppDelegate.h; sourceTree = "<group>"; };
		528D5DEA1CEAF6AB00EA0051 /* AppDelegate.m */ = {isa = PBXFileReference; lastKnownFileType = sourcecode.c.objc; path = AppDelegate.m; sourceTree = "<group>"; };
		528D5DEC1CEAF6AB00EA0051 /* ViewController.h */ = {isa = PBXFileReference; lastKnownFileType = sourcecode.c.h; path = ViewController.h; sourceTree = "<group>"; };
		528D5DED1CEAF6AB00EA0051 /* ViewController.m */ = {isa = PBXFileReference; lastKnownFileType = sourcecode.c.objc; path = ViewController.m; sourceTree = "<group>"; };
		528D5DF01CEAF6AB00EA0051 /* Base */ = {isa = PBXFileReference; lastKnownFileType = file.storyboard; name = Base; path = Base.lproj/Main.storyboard; sourceTree = "<group>"; };
		528D5DF31CEAF6AB00EA0051 /* ProtocalAndDelegate.xcdatamodel */ = {isa = PBXFileReference; lastKnownFileType = wrapper.xcdatamodel; path = ProtocalAndDelegate.xcdatamodel; sourceTree = "<group>"; };
		528D5DF51CEAF6AB00EA0051 /* Assets.xcassets */ = {isa = PBXFileReference; lastKnownFileType = folder.assetcatalog; path = Assets.xcassets; sourceTree = "<group>"; };
		528D5DF81CEAF6AB00EA0051 /* Base */ = {isa = PBXFileReference; lastKnownFileType = file.storyboard; name = Base; path = Base.lproj/LaunchScreen.storyboard; sourceTree = "<group>"; };
		528D5DFA1CEAF6AB00EA0051 /* Info.plist */ = {isa = PBXFileReference; lastKnownFileType = text.plist.xml; path = Info.plist; sourceTree = "<group>"; };
		528D5DFF1CEAF6AC00EA0051 /* ProtocalAndDelegateTests.xctest */ = {isa = PBXFileReference; explicitFileType = wrapper.cfbundle; includeInIndex = 0; path = ProtocalAndDelegateTests.xctest; sourceTree = BUILT_PRODUCTS_DIR; };
		528D5E031CEAF6AC00EA0051 /* ProtocalAndDelegateTests.m */ = {isa = PBXFileReference; lastKnownFileType = sourcecode.c.objc; path = ProtocalAndDelegateTests.m; sourceTree = "<group>"; };
		528D5E051CEAF6AC00EA0051 /* Info.plist */ = {isa = PBXFileReference; lastKnownFileType = text.plist.xml; path = Info.plist; sourceTree = "<group>"; };
		528D5E0E1CEAF88C00EA0051 /* SampleProtocal.h */ = {isa = PBXFileReference; fileEncoding = 4; lastKnownFileType = sourcecode.c.h; path = SampleProtocal.h; sourceTree = "<group>"; };
		528D5E0F1CEAF88C00EA0051 /* SampleProtocal.m */ = {isa = PBXFileReference; fileEncoding = 4; lastKnownFileType = sourcecode.c.objc; path = SampleProtocal.m; sourceTree = "<group>"; };
/* End PBXFileReference section */

/* Begin PBXFrameworksBuildPhase section */
		528D5DE01CEAF6AB00EA0051 /* Frameworks */ = {
			isa = PBXFrameworksBuildPhase;
			buildActionMask = 2147483647;
			files = (
			);
			runOnlyForDeploymentPostprocessing = 0;
		};
		528D5DFC1CEAF6AC00EA0051 /* Frameworks */ = {
			isa = PBXFrameworksBuildPhase;
			buildActionMask = 2147483647;
			files = (
			);
			runOnlyForDeploymentPostprocessing = 0;
		};
/* End PBXFrameworksBuildPhase section */

/* Begin PBXGroup section */
		528D5DDA1CEAF6AB00EA0051 = {
			isa = PBXGroup;
			children = (
				528D5DE51CEAF6AB00EA0051 /* ProtocalAndDelegate */,
				528D5E021CEAF6AC00EA0051 /* ProtocalAndDelegateTests */,
				528D5DE41CEAF6AB00EA0051 /* Products */,
			);
			sourceTree = "<group>";
		};
		528D5DE41CEAF6AB00EA0051 /* Products */ = {
			isa = PBXGroup;
			children = (
				528D5DE31CEAF6AB00EA0051 /* ProtocalAndDelegate.app */,
				528D5DFF1CEAF6AC00EA0051 /* ProtocalAndDelegateTests.xctest */,
			);
			name = Products;
			sourceTree = "<group>";
		};
		528D5DE51CEAF6AB00EA0051 /* ProtocalAndDelegate */ = {
			isa = PBXGroup;
			children = (
				528D5DE91CEAF6AB00EA0051 /* AppDelegate.h */,
				528D5E0E1CEAF88C00EA0051 /* SampleProtocal.h */,
				528D5E0F1CEAF88C00EA0051 /* SampleProtocal.m */,
				528D5DEA1CEAF6AB00EA0051 /* AppDelegate.m */,
				528D5DEC1CEAF6AB00EA0051 /* ViewController.h */,
				528D5DED1CEAF6AB00EA0051 /* ViewController.m */,
				528D5DEF1CEAF6AB00EA0051 /* Main.storyboard */,
				528D5DF51CEAF6AB00EA0051 /* Assets.xcassets */,
				528D5DF71CEAF6AB00EA0051 /* LaunchScreen.storyboard */,
				528D5DFA1CEAF6AB00EA0051 /* Info.plist */,
				528D5DF21CEAF6AB00EA0051 /* ProtocalAndDelegate.xcdatamodeld */,
				528D5DE61CEAF6AB00EA0051 /* Supporting Files */,
			);
			path = ProtocalAndDelegate;
			sourceTree = "<group>";
		};
		528D5DE61CEAF6AB00EA0051 /* Supporting Files */ = {
			isa = PBXGroup;
			children = (
				528D5DE71CEAF6AB00EA0051 /* main.m */,
			);
			name = "Supporting Files";
			sourceTree = "<group>";
		};
		528D5E021CEAF6AC00EA0051 /* ProtocalAndDelegateTests */ = {
			isa = PBXGroup;
			children = (
				528D5E031CEAF6AC00EA0051 /* ProtocalAndDelegateTests.m */,
				528D5E051CEAF6AC00EA0051 /* Info.plist */,
			);
			path = ProtocalAndDelegateTests;
			sourceTree = "<group>";
		};
/* End PBXGroup section */

/* Begin PBXNativeTarget section */
		528D5DE21CEAF6AB00EA0051 /* ProtocalAndDelegate */ = {
			isa = PBXNativeTarget;
			buildConfigurationList = 528D5E081CEAF6AC00EA0051 /* Build configuration list for PBXNativeTarget "ProtocalAndDelegate" */;
			buildPhases = (
				528D5DDF1CEAF6AB00EA0051 /* Sources */,
				528D5DE01CEAF6AB00EA0051 /* Frameworks */,
				528D5DE11CEAF6AB00EA0051 /* Resources */,
			);
			buildRules = (
			);
			dependencies = (
			);
			name = ProtocalAndDelegate;
			productName = ProtocalAndDelegate;
			productReference = 528D5DE31CEAF6AB00EA0051 /* ProtocalAndDelegate.app */;
			productType = "com.apple.product-type.application";
		};
		528D5DFE1CEAF6AC00EA0051 /* ProtocalAndDelegateTests */ = {
			isa = PBXNativeTarget;
			buildConfigurationList = 528D5E0B1CEAF6AC00EA0051 /* Build configuration list for PBXNativeTarget "ProtocalAndDelegateTests" */;
			buildPhases = (
				528D5DFB1CEAF6AC00EA0051 /* Sources */,
				528D5DFC1CEAF6AC00EA0051 /* Frameworks */,
				528D5DFD1CEAF6AC00EA0051 /* Resources */,
			);
			buildRules = (
			);
			dependencies = (
				528D5E011CEAF6AC00EA0051 /* PBXTargetDependency */,
			);
			name = ProtocalAndDelegateTests;
			productName = ProtocalAndDelegateTests;
			productReference = 528D5DFF1CEAF6AC00EA0051 /* ProtocalAndDelegateTests.xctest */;
			productType = "com.apple.product-type.bundle.unit-test";
		};
/* End PBXNativeTarget section */

/* Begin PBXProject section */
		528D5DDB1CEAF6AB00EA0051 /* Project object */ = {
			isa = PBXProject;
			attributes = {
				LastUpgradeCheck = 0730;
				ORGANIZATIONNAME = "MacBook Pro";
				TargetAttributes = {
					528D5DE21CEAF6AB00EA0051 = {
						CreatedOnToolsVersion = 7.3;
					};
					528D5DFE1CEAF6AC00EA0051 = {
						CreatedOnToolsVersion = 7.3;
						TestTargetID = 528D5DE21CEAF6AB00EA0051;
					};
				};
			};
			buildConfigurationList = 528D5DDE1CEAF6AB00EA0051 /* Build configuration list for PBXProject "ProtocalAndDelegate" */;
			compatibilityVersion = "Xcode 3.2";
			developmentRegion = English;
			hasScannedForEncodings = 0;
			knownRegions = (
				en,
				Base,
			);
			mainGroup = 528D5DDA1CEAF6AB00EA0051;
			productRefGroup = 528D5DE41CEAF6AB00EA0051 /* Products */;
			projectDirPath = "";
			projectRoot = "";
			targets = (
				528D5DE21CEAF6AB00EA0051 /* ProtocalAndDelegate */,
				528D5DFE1CEAF6AC00EA0051 /* ProtocalAndDelegateTests */,
			);
		};
/* End PBXProject section */

/* Begin PBXResourcesBuildPhase section */
		528D5DE11CEAF6AB00EA0051 /* Resources */ = {
			isa = PBXResourcesBuildPhase;
			buildActionMask = 2147483647;
			files = (
				528D5DF91CEAF6AB00EA0051 /* LaunchScreen.storyboard in Resources */,
				528D5DF61CEAF6AB00EA0051 /* Assets.xcassets in Resources */,
				528D5DF11CEAF6AB00EA0051 /* Main.storyboard in Resources */,
			);
			runOnlyForDeploymentPostprocessing = 0;
		};
		528D5DFD1CEAF6AC00EA0051 /* Resources */ = {
			isa = PBXResourcesBuildPhase;
			buildActionMask = 2147483647;
			files = (
			);
			runOnlyForDeploymentPostprocessing = 0;
		};
/* End PBXResourcesBuildPhase section */

/* Begin PBXSourcesBuildPhase section */
		528D5DDF1CEAF6AB00EA0051 /* Sources */ = {
			isa = PBXSourcesBuildPhase;
			buildActionMask = 2147483647;
			files = (
				528D5DF41CEAF6AB00EA0051 /* ProtocalAndDelegate.xcdatamodeld in Sources */,
				528D5E101CEAF88C00EA0051 /* SampleProtocal.m in Sources */,
				528D5DEE1CEAF6AB00EA0051 /* ViewController.m in Sources */,
				528D5DEB1CEAF6AB00EA0051 /* AppDelegate.m in Sources */,
				528D5DE81CEAF6AB00EA0051 /* main.m in Sources */,
			);
			runOnlyForDeploymentPostprocessing = 0;
		};
		528D5DFB1CEAF6AC00EA0051 /* Sources */ = {
			isa = PBXSourcesBuildPhase;
			buildActionMask = 2147483647;
			files = (
				528D5E041CEAF6AC00EA0051 /* ProtocalAndDelegateTests.m in Sources */,
			);
			runOnlyForDeploymentPostprocessing = 0;
		};
/* End PBXSourcesBuildPhase section */

/* Begin PBXTargetDependency section */
		528D5E011CEAF6AC00EA0051 /* PBXTargetDependency */ = {
			isa = PBXTargetDependency;
			target = 528D5DE21CEAF6AB00EA0051 /* ProtocalAndDelegate */;
			targetProxy = 528D5E001CEAF6AC00EA0051 /* PBXContainerItemProxy */;
		};
/* End PBXTargetDependency section */

/* Begin PBXVariantGroup section */
		528D5DEF1CEAF6AB00EA0051 /* Main.storyboard */ = {
			isa = PBXVariantGroup;
			children = (
				528D5DF01CEAF6AB00EA0051 /* Base */,
			);
			name = Main.storyboard;
			sourceTree = "<group>";
		};
		528D5DF71CEAF6AB00EA0051 /* LaunchScreen.storyboard */ = {
			isa = PBXVariantGroup;
			children = (
				528D5DF81CEAF6AB00EA0051 /* Base */,
			);
			name = LaunchScreen.storyboard;
			sourceTree = "<group>";
		};
/* End PBXVariantGroup section */

/* Begin XCBuildConfiguration section */
		528D5E061CEAF6AC00EA0051 /* Debug */ = {
			isa = XCBuildConfiguration;
			buildSettings = {
				ALWAYS_SEARCH_USER_PATHS = NO;
				CLANG_ANALYZER_NONNULL = YES;
				CLANG_CXX_LANGUAGE_STANDARD = "gnu++0x";
				CLANG_CXX_LIBRARY = "libc++";
				CLANG_ENABLE_MODULES = YES;
				CLANG_ENABLE_OBJC_ARC = YES;
				CLANG_WARN_BOOL_CONVERSION = YES;
				CLANG_WARN_CONSTANT_CONVERSION = YES;
				CLANG_WARN_DIRECT_OBJC_ISA_USAGE = YES_ERROR;
				CLANG_WARN_EMPTY_BODY = YES;
				CLANG_WARN_ENUM_CONVERSION = YES;
				CLANG_WARN_INT_CONVERSION = YES;
				CLANG_WARN_OBJC_ROOT_CLASS = YES_ERROR;
				CLANG_WARN_UNREACHABLE_CODE = YES;
				CLANG_WARN__DUPLICATE_METHOD_MATCH = YES;
				"CODE_SIGN_IDENTITY[sdk=iphoneos*]" = "iPhone Developer";
				COPY_PHASE_STRIP = NO;
				DEBUG_INFORMATION_FORMAT = dwarf;
				ENABLE_STRICT_OBJC_MSGSEND = YES;
				ENABLE_TESTABILITY = YES;
				GCC_C_LANGUAGE_STANDARD = gnu99;
				GCC_DYNAMIC_NO_PIC = NO;
				GCC_NO_COMMON_BLOCKS = YES;
				GCC_OPTIMIZATION_LEVEL = 0;
				GCC_PREPROCESSOR_DEFINITIONS = (
					"DEBUG=1",
					"$(inherited)",
				);
				GCC_WARN_64_TO_32_BIT_CONVERSION = YES;
				GCC_WARN_ABOUT_RETURN_TYPE = YES_ERROR;
				GCC_WARN_UNDECLARED_SELECTOR = YES;
				GCC_WARN_UNINITIALIZED_AUTOS = YES_AGGRESSIVE;
				GCC_WARN_UNUSED_FUNCTION = YES;
				GCC_WARN_UNUSED_VARIABLE = YES;
				IPHONEOS_DEPLOYMENT_TARGET = 9.3;
				MTL_ENABLE_DEBUG_INFO = YES;
				ONLY_ACTIVE_ARCH = YES;
				SDKROOT = iphoneos;
			};
			name = Debug;
		};
		528D5E071CEAF6AC00EA0051 /* Release */ = {
			isa = XCBuildConfiguration;
			buildSettings = {
				ALWAYS_SEARCH_USER_PATHS = NO;
				CLANG_ANALYZER_NONNULL = YES;
				CLANG_CXX_LANGUAGE_STANDARD = "gnu++0x";
				CLANG_CXX_LIBRARY = "libc++";
				CLANG_ENABLE_MODULES = YES;
				CLANG_ENABLE_OBJC_ARC = YES;
				CLANG_WARN_BOOL_CONVERSION = YES;
				CLANG_WARN_CONSTANT_CONVERSION = YES;
				CLANG_WARN_DIRECT_OBJC_ISA_USAGE = YES_ERROR;
				CLANG_WARN_EMPTY_BODY = YES;
				CLANG_WARN_ENUM_CONVERSION = YES;
				CLANG_WARN_INT_CONVERSION = YES;
				CLANG_WARN_OBJC_ROOT_CLASS = YES_ERROR;
				CLANG_WARN_UNREACHABLE_CODE = YES;
				CLANG_WARN__DUPLICATE_METHOD_MATCH = YES;
				"CODE_SIGN_IDENTITY[sdk=iphoneos*]" = "iPhone Developer";
				COPY_PHASE_STRIP = NO;
				DEBUG_INFORMATION_FORMAT = "dwarf-with-dsym";
				ENABLE_NS_ASSERTIONS = NO;
				ENABLE_STRICT_OBJC_MSGSEND = YES;
				GCC_C_LANGUAGE_STANDARD = gnu99;
				GCC_NO_COMMON_BLOCKS = YES;
				GCC_WARN_64_TO_32_BIT_CONVERSION = YES;
				GCC_WARN_ABOUT_RETURN_TYPE = YES_ERROR;
				GCC_WARN_UNDECLARED_SELECTOR = YES;
				GCC_WARN_UNINITIALIZED_AUTOS = YES_AGGRESSIVE;
				GCC_WARN_UNUSED_FUNCTION = YES;
				GCC_WARN_UNUSED_VARIABLE = YES;
				IPHONEOS_DEPLOYMENT_TARGET = 9.3;
				MTL_ENABLE_DEBUG_INFO = NO;
				SDKROOT = iphoneos;
				VALIDATE_PRODUCT = YES;
			};
			name = Release;
		};
		528D5E091CEAF6AC00EA0051 /* Debug */ = {
			isa = XCBuildConfiguration;
			buildSettings = {
				ASSETCATALOG_COMPILER_APPICON_NAME = AppIcon;
				INFOPLIST_FILE = ProtocalAndDelegate/Info.plist;
				LD_RUNPATH_SEARCH_PATHS = "$(inherited) @executable_path/Frameworks";
				PRODUCT_BUNDLE_IDENTIFIER = com.ideabytes.ProtocalAndDelegate;
				PRODUCT_NAME = "$(TARGET_NAME)";
			};
			name = Debug;
		};
		528D5E0A1CEAF6AC00EA0051 /* Release */ = {
			isa = XCBuildConfiguration;
			buildSettings = {
				ASSETCATALOG_COMPILER_APPICON_NAME = AppIcon;
				INFOPLIST_FILE = ProtocalAndDelegate/Info.plist;
				LD_RUNPATH_SEARCH_PATHS = "$(inherited) @executable_path/Frameworks";
				PRODUCT_BUNDLE_IDENTIFIER = com.ideabytes.ProtocalAndDelegate;
				PRODUCT_NAME = "$(TARGET_NAME)";
			};
			name = Release;
		};
		528D5E0C1CEAF6AC00EA0051 /* Debug */ = {
			isa = XCBuildConfiguration;
			buildSettings = {
				BUNDLE_LOADER = "$(TEST_HOST)";
				INFOPLIST_FILE = ProtocalAndDelegateTests/Info.plist;
				LD_RUNPATH_SEARCH_PATHS = "$(inherited) @executable_path/Frameworks @loader_path/Frameworks";
				PRODUCT_BUNDLE_IDENTIFIER = com.ideabytes.ProtocalAndDelegateTests;
				PRODUCT_NAME = "$(TARGET_NAME)";
				TEST_HOST = "$(BUILT_PRODUCTS_DIR)/ProtocalAndDelegate.app/ProtocalAndDelegate";
			};
			name = Debug;
		};
		528D5E0D1CEAF6AC00EA0051 /* Release */ = {
			isa = XCBuildConfiguration;
			buildSettings = {
				BUNDLE_LOADER = "$(TEST_HOST)";
				INFOPLIST_FILE = ProtocalAndDelegateTests/Info.plist;
				LD_RUNPATH_SEARCH_PATHS = "$(inherited) @executable_path/Frameworks @loader_path/Frameworks";
				PRODUCT_BUNDLE_IDENTIFIER = com.ideabytes.ProtocalAndDelegateTests;
				PRODUCT_NAME = "$(TARGET_NAME)";
				TEST_HOST = "$(BUILT_PRODUCTS_DIR)/ProtocalAndDelegate.app/ProtocalAndDelegate";
			};
			name = Release;
		};
/* End XCBuildConfiguration section */

/* Begin XCConfigurationList section */
		528D5DDE1CEAF6AB00EA0051 /* Build configuration list for PBXProject "ProtocalAndDelegate" */ = {
			isa = XCConfigurationList;
			buildConfigurations = (
				528D5E061CEAF6AC00EA0051 /* Debug */,
				528D5E071CEAF6AC00EA0051 /* Release */,
			);
			defaultConfigurationIsVisible = 0;
			defaultConfigurationName = Release;
		};
		528D5E081CEAF6AC00EA0051 /* Build configuration list for PBXNativeTarget "ProtocalAndDelegate" */ = {
			isa = XCConfigurationList;
			buildConfigurations = (
				528D5E091CEAF6AC00EA0051 /* Debug */,
				528D5E0A1CEAF6AC00EA0051 /* Release */,
			);
			defaultConfigurationIsVisible = 0;
		};
		528D5E0B1CEAF6AC00EA0051 /* Build configuration list for PBXNativeTarget "ProtocalAndDelegateTests" */ = {
			isa = XCConfigurationList;
			buildConfigurations = (
				528D5E0C1CEAF6AC00EA0051 /* Debug */,
				528D5E0D1CEAF6AC00EA0051 /* Release */,
			);
			defaultConfigurationIsVisible = 0;
		};
/* End XCConfigurationList section */

/* Begin XCVersionGroup section */
		528D5DF21CEAF6AB00EA0051 /* ProtocalAndDelegate.xcdatamodeld */ = {
			isa = XCVersionGroup;
			children = (
				528D5DF31CEAF6AB00EA0051 /* ProtocalAndDelegate.xcdatamodel */,
			);
			currentVersion = 528D5DF31CEAF6AB00EA0051 /* ProtocalAndDelegate.xcdatamodel */;
			path = ProtocalAndDelegate.xcdatamodeld;
			sourceTree = "<group>";
			versionGroupType = wrapper.xcdatamodel;
		};
/* End XCVersionGroup section */
	};
	rootObject = 528D5DDB1CEAF6AB00EA0051 /* Project object */;
}
