// !$*UTF8*$!
{
	archiveVersion = 1;
	classes = {
	};
	objectVersion = 46;
	objects = {

/* Begin PBXBuildFile section */
		526A919B1CF2A373002B44A4 /* main.m in Sources */ = {isa = PBXBuildFile; fileRef = 526A919A1CF2A373002B44A4 /* main.m */; };
		526A919E1CF2A373002B44A4 /* AppDelegate.m in Sources */ = {isa = PBXBuildFile; fileRef = 526A919D1CF2A373002B44A4 /* AppDelegate.m */; };
		526A91A11CF2A373002B44A4 /* ViewController.m in Sources */ = {isa = PBXBuildFile; fileRef = 526A91A01CF2A373002B44A4 /* ViewController.m */; };
		526A91A41CF2A373002B44A4 /* Main.storyboard in Resources */ = {isa = PBXBuildFile; fileRef = 526A91A21CF2A373002B44A4 /* Main.storyboard */; };
		526A91A71CF2A373002B44A4 /* LoginValidationForm.xcdatamodeld in Sources */ = {isa = PBXBuildFile; fileRef = 526A91A51CF2A373002B44A4 /* LoginValidationForm.xcdatamodeld */; };
		526A91A91CF2A373002B44A4 /* Assets.xcassets in Resources */ = {isa = PBXBuildFile; fileRef = 526A91A81CF2A373002B44A4 /* Assets.xcassets */; };
		526A91AC1CF2A373002B44A4 /* LaunchScreen.storyboard in Resources */ = {isa = PBXBuildFile; fileRef = 526A91AA1CF2A373002B44A4 /* LaunchScreen.storyboard */; };
		526A91B71CF2A373002B44A4 /* LoginValidationFormTests.m in Sources */ = {isa = PBXBuildFile; fileRef = 526A91B61CF2A373002B44A4 /* LoginValidationFormTests.m */; };
/* End PBXBuildFile section */

/* Begin PBXContainerItemProxy section */
		526A91B31CF2A373002B44A4 /* PBXContainerItemProxy */ = {
			isa = PBXContainerItemProxy;
			containerPortal = 526A918E1CF2A373002B44A4 /* Project object */;
			proxyType = 1;
			remoteGlobalIDString = 526A91951CF2A373002B44A4;
			remoteInfo = LoginValidationForm;
		};
/* End PBXContainerItemProxy section */

/* Begin PBXFileReference section */
		526A91961CF2A373002B44A4 /* LoginValidationForm.app */ = {isa = PBXFileReference; explicitFileType = wrapper.application; includeInIndex = 0; path = LoginValidationForm.app; sourceTree = BUILT_PRODUCTS_DIR; };
		526A919A1CF2A373002B44A4 /* main.m */ = {isa = PBXFileReference; lastKnownFileType = sourcecode.c.objc; path = main.m; sourceTree = "<group>"; };
		526A919C1CF2A373002B44A4 /* AppDelegate.h */ = {isa = PBXFileReference; lastKnownFileType = sourcecode.c.h; path = AppDelegate.h; sourceTree = "<group>"; };
		526A919D1CF2A373002B44A4 /* AppDelegate.m */ = {isa = PBXFileReference; lastKnownFileType = sourcecode.c.objc; path = AppDelegate.m; sourceTree = "<group>"; };
		526A919F1CF2A373002B44A4 /* ViewController.h */ = {isa = PBXFileReference; lastKnownFileType = sourcecode.c.h; path = ViewController.h; sourceTree = "<group>"; };
		526A91A01CF2A373002B44A4 /* ViewController.m */ = {isa = PBXFileReference; lastKnownFileType = sourcecode.c.objc; path = ViewController.m; sourceTree = "<group>"; };
		526A91A31CF2A373002B44A4 /* Base */ = {isa = PBXFileReference; lastKnownFileType = file.storyboard; name = Base; path = Base.lproj/Main.storyboard; sourceTree = "<group>"; };
		526A91A61CF2A373002B44A4 /* LoginValidationForm.xcdatamodel */ = {isa = PBXFileReference; lastKnownFileType = wrapper.xcdatamodel; path = LoginValidationForm.xcdatamodel; sourceTree = "<group>"; };
		526A91A81CF2A373002B44A4 /* Assets.xcassets */ = {isa = PBXFileReference; lastKnownFileType = folder.assetcatalog; path = Assets.xcassets; sourceTree = "<group>"; };
		526A91AB1CF2A373002B44A4 /* Base */ = {isa = PBXFileReference; lastKnownFileType = file.storyboard; name = Base; path = Base.lproj/LaunchScreen.storyboard; sourceTree = "<group>"; };
		526A91AD1CF2A373002B44A4 /* Info.plist */ = {isa = PBXFileReference; lastKnownFileType = text.plist.xml; path = Info.plist; sourceTree = "<group>"; };
		526A91B21CF2A373002B44A4 /* LoginValidationFormTests.xctest */ = {isa = PBXFileReference; explicitFileType = wrapper.cfbundle; includeInIndex = 0; path = LoginValidationFormTests.xctest; sourceTree = BUILT_PRODUCTS_DIR; };
		526A91B61CF2A373002B44A4 /* LoginValidationFormTests.m */ = {isa = PBXFileReference; lastKnownFileType = sourcecode.c.objc; path = LoginValidationFormTests.m; sourceTree = "<group>"; };
		526A91B81CF2A373002B44A4 /* Info.plist */ = {isa = PBXFileReference; lastKnownFileType = text.plist.xml; path = Info.plist; sourceTree = "<group>"; };
/* End PBXFileReference section */

/* Begin PBXFrameworksBuildPhase section */
		526A91931CF2A373002B44A4 /* Frameworks */ = {
			isa = PBXFrameworksBuildPhase;
			buildActionMask = 2147483647;
			files = (
			);
			runOnlyForDeploymentPostprocessing = 0;
		};
		526A91AF1CF2A373002B44A4 /* Frameworks */ = {
			isa = PBXFrameworksBuildPhase;
			buildActionMask = 2147483647;
			files = (
			);
			runOnlyForDeploymentPostprocessing = 0;
		};
/* End PBXFrameworksBuildPhase section */

/* Begin PBXGroup section */
		526A918D1CF2A373002B44A4 = {
			isa = PBXGroup;
			children = (
				526A91981CF2A373002B44A4 /* LoginValidationForm */,
				526A91B51CF2A373002B44A4 /* LoginValidationFormTests */,
				526A91971CF2A373002B44A4 /* Products */,
			);
			sourceTree = "<group>";
		};
		526A91971CF2A373002B44A4 /* Products */ = {
			isa = PBXGroup;
			children = (
				526A91961CF2A373002B44A4 /* LoginValidationForm.app */,
				526A91B21CF2A373002B44A4 /* LoginValidationFormTests.xctest */,
			);
			name = Products;
			sourceTree = "<group>";
		};
		526A91981CF2A373002B44A4 /* LoginValidationForm */ = {
			isa = PBXGroup;
			children = (
				526A919C1CF2A373002B44A4 /* AppDelegate.h */,
				526A919D1CF2A373002B44A4 /* AppDelegate.m */,
				526A919F1CF2A373002B44A4 /* ViewController.h */,
				526A91A01CF2A373002B44A4 /* ViewController.m */,
				526A91A21CF2A373002B44A4 /* Main.storyboard */,
				526A91A81CF2A373002B44A4 /* Assets.xcassets */,
				526A91AA1CF2A373002B44A4 /* LaunchScreen.storyboard */,
				526A91AD1CF2A373002B44A4 /* Info.plist */,
				526A91A51CF2A373002B44A4 /* LoginValidationForm.xcdatamodeld */,
				526A91991CF2A373002B44A4 /* Supporting Files */,
			);
			path = LoginValidationForm;
			sourceTree = "<group>";
		};
		526A91991CF2A373002B44A4 /* Supporting Files */ = {
			isa = PBXGroup;
			children = (
				526A919A1CF2A373002B44A4 /* main.m */,
			);
			name = "Supporting Files";
			sourceTree = "<group>";
		};
		526A91B51CF2A373002B44A4 /* LoginValidationFormTests */ = {
			isa = PBXGroup;
			children = (
				526A91B61CF2A373002B44A4 /* LoginValidationFormTests.m */,
				526A91B81CF2A373002B44A4 /* Info.plist */,
			);
			path = LoginValidationFormTests;
			sourceTree = "<group>";
		};
/* End PBXGroup section */

/* Begin PBXNativeTarget section */
		526A91951CF2A373002B44A4 /* LoginValidationForm */ = {
			isa = PBXNativeTarget;
			buildConfigurationList = 526A91BB1CF2A373002B44A4 /* Build configuration list for PBXNativeTarget "LoginValidationForm" */;
			buildPhases = (
				526A91921CF2A373002B44A4 /* Sources */,
				526A91931CF2A373002B44A4 /* Frameworks */,
				526A91941CF2A373002B44A4 /* Resources */,
			);
			buildRules = (
			);
			dependencies = (
			);
			name = LoginValidationForm;
			productName = LoginValidationForm;
			productReference = 526A91961CF2A373002B44A4 /* LoginValidationForm.app */;
			productType = "com.apple.product-type.application";
		};
		526A91B11CF2A373002B44A4 /* LoginValidationFormTests */ = {
			isa = PBXNativeTarget;
			buildConfigurationList = 526A91BE1CF2A373002B44A4 /* Build configuration list for PBXNativeTarget "LoginValidationFormTests" */;
			buildPhases = (
				526A91AE1CF2A373002B44A4 /* Sources */,
				526A91AF1CF2A373002B44A4 /* Frameworks */,
				526A91B01CF2A373002B44A4 /* Resources */,
			);
			buildRules = (
			);
			dependencies = (
				526A91B41CF2A373002B44A4 /* PBXTargetDependency */,
			);
			name = LoginValidationFormTests;
			productName = LoginValidationFormTests;
			productReference = 526A91B21CF2A373002B44A4 /* LoginValidationFormTests.xctest */;
			productType = "com.apple.product-type.bundle.unit-test";
		};
/* End PBXNativeTarget section */

/* Begin PBXProject section */
		526A918E1CF2A373002B44A4 /* Project object */ = {
			isa = PBXProject;
			attributes = {
				LastUpgradeCheck = 0730;
				ORGANIZATIONNAME = "MacBook Pro";
				TargetAttributes = {
					526A91951CF2A373002B44A4 = {
						CreatedOnToolsVersion = 7.3;
					};
					526A91B11CF2A373002B44A4 = {
						CreatedOnToolsVersion = 7.3;
						TestTargetID = 526A91951CF2A373002B44A4;
					};
				};
			};
			buildConfigurationList = 526A91911CF2A373002B44A4 /* Build configuration list for PBXProject "LoginValidationForm" */;
			compatibilityVersion = "Xcode 3.2";
			developmentRegion = English;
			hasScannedForEncodings = 0;
			knownRegions = (
				en,
				Base,
			);
			mainGroup = 526A918D1CF2A373002B44A4;
			productRefGroup = 526A91971CF2A373002B44A4 /* Products */;
			projectDirPath = "";
			projectRoot = "";
			targets = (
				526A91951CF2A373002B44A4 /* LoginValidationForm */,
				526A91B11CF2A373002B44A4 /* LoginValidationFormTests */,
			);
		};
/* End PBXProject section */

/* Begin PBXResourcesBuildPhase section */
		526A91941CF2A373002B44A4 /* Resources */ = {
			isa = PBXResourcesBuildPhase;
			buildActionMask = 2147483647;
			files = (
				526A91AC1CF2A373002B44A4 /* LaunchScreen.storyboard in Resources */,
				526A91A91CF2A373002B44A4 /* Assets.xcassets in Resources */,
				526A91A41CF2A373002B44A4 /* Main.storyboard in Resources */,
			);
			runOnlyForDeploymentPostprocessing = 0;
		};
		526A91B01CF2A373002B44A4 /* Resources */ = {
			isa = PBXResourcesBuildPhase;
			buildActionMask = 2147483647;
			files = (
			);
			runOnlyForDeploymentPostprocessing = 0;
		};
/* End PBXResourcesBuildPhase section */

/* Begin PBXSourcesBuildPhase section */
		526A91921CF2A373002B44A4 /* Sources */ = {
			isa = PBXSourcesBuildPhase;
			buildActionMask = 2147483647;
			files = (
				526A91A71CF2A373002B44A4 /* LoginValidationForm.xcdatamodeld in Sources */,
				526A91A11CF2A373002B44A4 /* ViewController.m in Sources */,
				526A919E1CF2A373002B44A4 /* AppDelegate.m in Sources */,
				526A919B1CF2A373002B44A4 /* main.m in Sources */,
			);
			runOnlyForDeploymentPostprocessing = 0;
		};
		526A91AE1CF2A373002B44A4 /* Sources */ = {
			isa = PBXSourcesBuildPhase;
			buildActionMask = 2147483647;
			files = (
				526A91B71CF2A373002B44A4 /* LoginValidationFormTests.m in Sources */,
			);
			runOnlyForDeploymentPostprocessing = 0;
		};
/* End PBXSourcesBuildPhase section */

/* Begin PBXTargetDependency section */
		526A91B41CF2A373002B44A4 /* PBXTargetDependency */ = {
			isa = PBXTargetDependency;
			target = 526A91951CF2A373002B44A4 /* LoginValidationForm */;
			targetProxy = 526A91B31CF2A373002B44A4 /* PBXContainerItemProxy */;
		};
/* End PBXTargetDependency section */

/* Begin PBXVariantGroup section */
		526A91A21CF2A373002B44A4 /* Main.storyboard */ = {
			isa = PBXVariantGroup;
			children = (
				526A91A31CF2A373002B44A4 /* Base */,
			);
			name = Main.storyboard;
			sourceTree = "<group>";
		};
		526A91AA1CF2A373002B44A4 /* LaunchScreen.storyboard */ = {
			isa = PBXVariantGroup;
			children = (
				526A91AB1CF2A373002B44A4 /* Base */,
			);
			name = LaunchScreen.storyboard;
			sourceTree = "<group>";
		};
/* End PBXVariantGroup section */

/* Begin XCBuildConfiguration section */
		526A91B91CF2A373002B44A4 /* Debug */ = {
			isa = XCBuildConfiguration;
			buildSettings = {
				ALWAYS_SEARCH_USER_PATHS = NO;
				CLANG_ANALYZER_NONNULL = YES;
				CLANG_CXX_LANGUAGE_STANDARD = "gnu++0x";
				CLANG_CXX_LIBRARY = "libc++";
				CLANG_ENABLE_MODULES = YES;
				CLANG_ENABLE_OBJC_ARC = YES;
				CLANG_WARN_BOOL_CONVERSION = YES;
				CLANG_WARN_CONSTANT_CONVERSION = YES;
				CLANG_WARN_DIRECT_OBJC_ISA_USAGE = YES_ERROR;
				CLANG_WARN_EMPTY_BODY = YES;
				CLANG_WARN_ENUM_CONVERSION = YES;
				CLANG_WARN_INT_CONVERSION = YES;
				CLANG_WARN_OBJC_ROOT_CLASS = YES_ERROR;
				CLANG_WARN_UNREACHABLE_CODE = YES;
				CLANG_WARN__DUPLICATE_METHOD_MATCH = YES;
				"CODE_SIGN_IDENTITY[sdk=iphoneos*]" = "iPhone Developer";
				COPY_PHASE_STRIP = NO;
				DEBUG_INFORMATION_FORMAT = dwarf;
				ENABLE_STRICT_OBJC_MSGSEND = YES;
				ENABLE_TESTABILITY = YES;
				GCC_C_LANGUAGE_STANDARD = gnu99;
				GCC_DYNAMIC_NO_PIC = NO;
				GCC_NO_COMMON_BLOCKS = YES;
				GCC_OPTIMIZATION_LEVEL = 0;
				GCC_PREPROCESSOR_DEFINITIONS = (
					"DEBUG=1",
					"$(inherited)",
				);
				GCC_WARN_64_TO_32_BIT_CONVERSION = YES;
				GCC_WARN_ABOUT_RETURN_TYPE = YES_ERROR;
				GCC_WARN_UNDECLARED_SELECTOR = YES;
				GCC_WARN_UNINITIALIZED_AUTOS = YES_AGGRESSIVE;
				GCC_WARN_UNUSED_FUNCTION = YES;
				GCC_WARN_UNUSED_VARIABLE = YES;
				IPHONEOS_DEPLOYMENT_TARGET = 9.3;
				MTL_ENABLE_DEBUG_INFO = YES;
				ONLY_ACTIVE_ARCH = YES;
				SDKROOT = iphoneos;
			};
			name = Debug;
		};
		526A91BA1CF2A373002B44A4 /* Release */ = {
			isa = XCBuildConfiguration;
			buildSettings = {
				ALWAYS_SEARCH_USER_PATHS = NO;
				CLANG_ANALYZER_NONNULL = YES;
				CLANG_CXX_LANGUAGE_STANDARD = "gnu++0x";
				CLANG_CXX_LIBRARY = "libc++";
				CLANG_ENABLE_MODULES = YES;
				CLANG_ENABLE_OBJC_ARC = YES;
				CLANG_WARN_BOOL_CONVERSION = YES;
				CLANG_WARN_CONSTANT_CONVERSION = YES;
				CLANG_WARN_DIRECT_OBJC_ISA_USAGE = YES_ERROR;
				CLANG_WARN_EMPTY_BODY = YES;
				CLANG_WARN_ENUM_CONVERSION = YES;
				CLANG_WARN_INT_CONVERSION = YES;
				CLANG_WARN_OBJC_ROOT_CLASS = YES_ERROR;
				CLANG_WARN_UNREACHABLE_CODE = YES;
				CLANG_WARN__DUPLICATE_METHOD_MATCH = YES;
				"CODE_SIGN_IDENTITY[sdk=iphoneos*]" = "iPhone Developer";
				COPY_PHASE_STRIP = NO;
				DEBUG_INFORMATION_FORMAT = "dwarf-with-dsym";
				ENABLE_NS_ASSERTIONS = NO;
				ENABLE_STRICT_OBJC_MSGSEND = YES;
				GCC_C_LANGUAGE_STANDARD = gnu99;
				GCC_NO_COMMON_BLOCKS = YES;
				GCC_WARN_64_TO_32_BIT_CONVERSION = YES;
				GCC_WARN_ABOUT_RETURN_TYPE = YES_ERROR;
				GCC_WARN_UNDECLARED_SELECTOR = YES;
				GCC_WARN_UNINITIALIZED_AUTOS = YES_AGGRESSIVE;
				GCC_WARN_UNUSED_FUNCTION = YES;
				GCC_WARN_UNUSED_VARIABLE = YES;
				IPHONEOS_DEPLOYMENT_TARGET = 9.3;
				MTL_ENABLE_DEBUG_INFO = NO;
				SDKROOT = iphoneos;
				VALIDATE_PRODUCT = YES;
			};
			name = Release;
		};
		526A91BC1CF2A373002B44A4 /* Debug */ = {
			isa = XCBuildConfiguration;
			buildSettings = {
				ASSETCATALOG_COMPILER_APPICON_NAME = AppIcon;
				INFOPLIST_FILE = LoginValidationForm/Info.plist;
				LD_RUNPATH_SEARCH_PATHS = "$(inherited) @executable_path/Frameworks";
				PRODUCT_BUNDLE_IDENTIFIER = com.ideabytes.LoginValidationForm;
				PRODUCT_NAME = "$(TARGET_NAME)";
			};
			name = Debug;
		};
		526A91BD1CF2A373002B44A4 /* Release */ = {
			isa = XCBuildConfiguration;
			buildSettings = {
				ASSETCATALOG_COMPILER_APPICON_NAME = AppIcon;
				INFOPLIST_FILE = LoginValidationForm/Info.plist;
				LD_RUNPATH_SEARCH_PATHS = "$(inherited) @executable_path/Frameworks";
				PRODUCT_BUNDLE_IDENTIFIER = com.ideabytes.LoginValidationForm;
				PRODUCT_NAME = "$(TARGET_NAME)";
			};
			name = Release;
		};
		526A91BF1CF2A373002B44A4 /* Debug */ = {
			isa = XCBuildConfiguration;
			buildSettings = {
				BUNDLE_LOADER = "$(TEST_HOST)";
				INFOPLIST_FILE = LoginValidationFormTests/Info.plist;
				LD_RUNPATH_SEARCH_PATHS = "$(inherited) @executable_path/Frameworks @loader_path/Frameworks";
				PRODUCT_BUNDLE_IDENTIFIER = com.ideabytes.LoginValidationFormTests;
				PRODUCT_NAME = "$(TARGET_NAME)";
				TEST_HOST = "$(BUILT_PRODUCTS_DIR)/LoginValidationForm.app/LoginValidationForm";
			};
			name = Debug;
		};
		526A91C01CF2A373002B44A4 /* Release */ = {
			isa = XCBuildConfiguration;
			buildSettings = {
				BUNDLE_LOADER = "$(TEST_HOST)";
				INFOPLIST_FILE = LoginValidationFormTests/Info.plist;
				LD_RUNPATH_SEARCH_PATHS = "$(inherited) @executable_path/Frameworks @loader_path/Frameworks";
				PRODUCT_BUNDLE_IDENTIFIER = com.ideabytes.LoginValidationFormTests;
				PRODUCT_NAME = "$(TARGET_NAME)";
				TEST_HOST = "$(BUILT_PRODUCTS_DIR)/LoginValidationForm.app/LoginValidationForm";
			};
			name = Release;
		};
/* End XCBuildConfiguration section */

/* Begin XCConfigurationList section */
		526A91911CF2A373002B44A4 /* Build configuration list for PBXProject "LoginValidationForm" */ = {
			isa = XCConfigurationList;
			buildConfigurations = (
				526A91B91CF2A373002B44A4 /* Debug */,
				526A91BA1CF2A373002B44A4 /* Release */,
			);
			defaultConfigurationIsVisible = 0;
			defaultConfigurationName = Release;
		};
		526A91BB1CF2A373002B44A4 /* Build configuration list for PBXNativeTarget "LoginValidationForm" */ = {
			isa = XCConfigurationList;
			buildConfigurations = (
				526A91BC1CF2A373002B44A4 /* Debug */,
				526A91BD1CF2A373002B44A4 /* Release */,
			);
			defaultConfigurationIsVisible = 0;
		};
		526A91BE1CF2A373002B44A4 /* Build configuration list for PBXNativeTarget "LoginValidationFormTests" */ = {
			isa = XCConfigurationList;
			buildConfigurations = (
				526A91BF1CF2A373002B44A4 /* Debug */,
				526A91C01CF2A373002B44A4 /* Release */,
			);
			defaultConfigurationIsVisible = 0;
		};
/* End XCConfigurationList section */

/* Begin XCVersionGroup section */
		526A91A51CF2A373002B44A4 /* LoginValidationForm.xcdatamodeld */ = {
			isa = XCVersionGroup;
			children = (
				526A91A61CF2A373002B44A4 /* LoginValidationForm.xcdatamodel */,
			);
			currentVersion = 526A91A61CF2A373002B44A4 /* LoginValidationForm.xcdatamodel */;
			path = LoginValidationForm.xcdatamodeld;
			sourceTree = "<group>";
			versionGroupType = wrapper.xcdatamodel;
		};
/* End XCVersionGroup section */
	};
	rootObject = 526A918E1CF2A373002B44A4 /* Project object */;
}
