// !$*UTF8*$!
{
	archiveVersion = 1;
	classes = {
	};
	objectVersion = 46;
	objects = {

/* Begin PBXBuildFile section */
		0B54FE821CD1BE510056FFDB /* main.m in Sources */ = {isa = PBXBuildFile; fileRef = 0B54FE811CD1BE510056FFDB /* main.m */; };
		0B54FE8A1CD1C0380056FFDB /* ClassA.m in Sources */ = {isa = PBXBuildFile; fileRef = 0B54FE891CD1C0380056FFDB /* ClassA.m */; };
		0BEA8E991CD30BD9002DF277 /* Student.m in Sources */ = {isa = PBXBuildFile; fileRef = 0BEA8E981CD30BD9002DF277 /* Student.m */; };
		0BEA8E9C1CD30F00002DF277 /* Student123.m in Sources */ = {isa = PBXBuildFile; fileRef = 0BEA8E9B1CD30F00002DF277 /* Student123.m */; };
/* End PBXBuildFile section */

/* Begin PBXCopyFilesBuildPhase section */
		0B54FE7C1CD1BE510056FFDB /* CopyFiles */ = {
			isa = PBXCopyFilesBuildPhase;
			buildActionMask = 2147483647;
			dstPath = /usr/share/man/man1/;
			dstSubfolderSpec = 0;
			files = (
			);
			runOnlyForDeploymentPostprocessing = 1;
		};
/* End PBXCopyFilesBuildPhase section */

/* Begin PBXFileReference section */
		0B54FE7E1CD1BE510056FFDB /* SampleObjectiveC */ = {isa = PBXFileReference; explicitFileType = "compiled.mach-o.executable"; includeInIndex = 0; path = SampleObjectiveC; sourceTree = BUILT_PRODUCTS_DIR; };
		0B54FE811CD1BE510056FFDB /* main.m */ = {isa = PBXFileReference; lastKnownFileType = sourcecode.c.objc; path = main.m; sourceTree = "<group>"; };
		0B54FE881CD1C0380056FFDB /* ClassA.h */ = {isa = PBXFileReference; fileEncoding = 4; lastKnownFileType = sourcecode.c.h; path = ClassA.h; sourceTree = "<group>"; };
		0B54FE891CD1C0380056FFDB /* ClassA.m */ = {isa = PBXFileReference; fileEncoding = 4; lastKnownFileType = sourcecode.c.objc; path = ClassA.m; sourceTree = "<group>"; };
		0BEA8E971CD30BD9002DF277 /* Student.h */ = {isa = PBXFileReference; fileEncoding = 4; lastKnownFileType = sourcecode.c.h; path = Student.h; sourceTree = "<group>"; };
		0BEA8E981CD30BD9002DF277 /* Student.m */ = {isa = PBXFileReference; fileEncoding = 4; lastKnownFileType = sourcecode.c.objc; path = Student.m; sourceTree = "<group>"; };
		0BEA8E9A1CD30F00002DF277 /* Student123.h */ = {isa = PBXFileReference; fileEncoding = 4; lastKnownFileType = sourcecode.c.h; path = Student123.h; sourceTree = "<group>"; };
		0BEA8E9B1CD30F00002DF277 /* Student123.m */ = {isa = PBXFileReference; fileEncoding = 4; lastKnownFileType = sourcecode.c.objc; path = Student123.m; sourceTree = "<group>"; };
/* End PBXFileReference section */

/* Begin PBXFrameworksBuildPhase section */
		0B54FE7B1CD1BE510056FFDB /* Frameworks */ = {
			isa = PBXFrameworksBuildPhase;
			buildActionMask = 2147483647;
			files = (
			);
			runOnlyForDeploymentPostprocessing = 0;
		};
/* End PBXFrameworksBuildPhase section */

/* Begin PBXGroup section */
		0B54FE751CD1BE510056FFDB = {
			isa = PBXGroup;
			children = (
				0B54FE801CD1BE510056FFDB /* SampleObjectiveC */,
				0B54FE7F1CD1BE510056FFDB /* Products */,
			);
			sourceTree = "<group>";
		};
		0B54FE7F1CD1BE510056FFDB /* Products */ = {
			isa = PBXGroup;
			children = (
				0B54FE7E1CD1BE510056FFDB /* SampleObjectiveC */,
			);
			name = Products;
			sourceTree = "<group>";
		};
		0B54FE801CD1BE510056FFDB /* SampleObjectiveC */ = {
			isa = PBXGroup;
			children = (
				0B54FE811CD1BE510056FFDB /* main.m */,
				0B54FE881CD1C0380056FFDB /* ClassA.h */,
				0B54FE891CD1C0380056FFDB /* ClassA.m */,
				0BEA8E971CD30BD9002DF277 /* Student.h */,
				0BEA8E981CD30BD9002DF277 /* Student.m */,
				0BEA8E9A1CD30F00002DF277 /* Student123.h */,
				0BEA8E9B1CD30F00002DF277 /* Student123.m */,
			);
			path = SampleObjectiveC;
			sourceTree = "<group>";
		};
/* End PBXGroup section */

/* Begin PBXNativeTarget section */
		0B54FE7D1CD1BE510056FFDB /* SampleObjectiveC */ = {
			isa = PBXNativeTarget;
			buildConfigurationList = 0B54FE851CD1BE510056FFDB /* Build configuration list for PBXNativeTarget "SampleObjectiveC" */;
			buildPhases = (
				0B54FE7A1CD1BE510056FFDB /* Sources */,
				0B54FE7B1CD1BE510056FFDB /* Frameworks */,
				0B54FE7C1CD1BE510056FFDB /* CopyFiles */,
			);
			buildRules = (
			);
			dependencies = (
			);
			name = SampleObjectiveC;
			productName = SampleObjectiveC;
			productReference = 0B54FE7E1CD1BE510056FFDB /* SampleObjectiveC */;
			productType = "com.apple.product-type.tool";
		};
/* End PBXNativeTarget section */

/* Begin PBXProject section */
		0B54FE761CD1BE510056FFDB /* Project object */ = {
			isa = PBXProject;
			attributes = {
				LastUpgradeCheck = 0720;
				ORGANIZATIONNAME = AsquareMobileTechnologies;
				TargetAttributes = {
					0B54FE7D1CD1BE510056FFDB = {
						CreatedOnToolsVersion = 7.2;
					};
				};
			};
			buildConfigurationList = 0B54FE791CD1BE510056FFDB /* Build configuration list for PBXProject "SampleObjectiveC" */;
			compatibilityVersion = "Xcode 3.2";
			developmentRegion = English;
			hasScannedForEncodings = 0;
			knownRegions = (
				en,
			);
			mainGroup = 0B54FE751CD1BE510056FFDB;
			productRefGroup = 0B54FE7F1CD1BE510056FFDB /* Products */;
			projectDirPath = "";
			projectRoot = "";
			targets = (
				0B54FE7D1CD1BE510056FFDB /* SampleObjectiveC */,
			);
		};
/* End PBXProject section */

/* Begin PBXSourcesBuildPhase section */
		0B54FE7A1CD1BE510056FFDB /* Sources */ = {
			isa = PBXSourcesBuildPhase;
			buildActionMask = 2147483647;
			files = (
				0BEA8E9C1CD30F00002DF277 /* Student123.m in Sources */,
				0B54FE8A1CD1C0380056FFDB /* ClassA.m in Sources */,
				0B54FE821CD1BE510056FFDB /* main.m in Sources */,
				0BEA8E991CD30BD9002DF277 /* Student.m in Sources */,
			);
			runOnlyForDeploymentPostprocessing = 0;
		};
/* End PBXSourcesBuildPhase section */

/* Begin XCBuildConfiguration section */
		0B54FE831CD1BE510056FFDB /* Debug */ = {
			isa = XCBuildConfiguration;
			buildSettings = {
				ALWAYS_SEARCH_USER_PATHS = NO;
				CLANG_CXX_LANGUAGE_STANDARD = "gnu++0x";
				CLANG_CXX_LIBRARY = "libc++";
				CLANG_ENABLE_MODULES = YES;
				CLANG_ENABLE_OBJC_ARC = YES;
				CLANG_WARN_BOOL_CONVERSION = YES;
				CLANG_WARN_CONSTANT_CONVERSION = YES;
				CLANG_WARN_DIRECT_OBJC_ISA_USAGE = YES_ERROR;
				CLANG_WARN_EMPTY_BODY = YES;
				CLANG_WARN_ENUM_CONVERSION = YES;
				CLANG_WARN_INT_CONVERSION = YES;
				CLANG_WARN_OBJC_ROOT_CLASS = YES_ERROR;
				CLANG_WARN_UNREACHABLE_CODE = YES;
				CLANG_WARN__DUPLICATE_METHOD_MATCH = YES;
				CODE_SIGN_IDENTITY = "-";
				COPY_PHASE_STRIP = NO;
				DEBUG_INFORMATION_FORMAT = dwarf;
				ENABLE_STRICT_OBJC_MSGSEND = YES;
				ENABLE_TESTABILITY = YES;
				GCC_C_LANGUAGE_STANDARD = gnu99;
				GCC_DYNAMIC_NO_PIC = NO;
				GCC_NO_COMMON_BLOCKS = YES;
				GCC_OPTIMIZATION_LEVEL = 0;
				GCC_PREPROCESSOR_DEFINITIONS = (
					"DEBUG=1",
					"$(inherited)",
				);
				GCC_WARN_64_TO_32_BIT_CONVERSION = YES;
				GCC_WARN_ABOUT_RETURN_TYPE = YES_ERROR;
				GCC_WARN_UNDECLARED_SELECTOR = YES;
				GCC_WARN_UNINITIALIZED_AUTOS = YES_AGGRESSIVE;
				GCC_WARN_UNUSED_FUNCTION = YES;
				GCC_WARN_UNUSED_VARIABLE = YES;
				MACOSX_DEPLOYMENT_TARGET = 10.10;
				MTL_ENABLE_DEBUG_INFO = YES;
				ONLY_ACTIVE_ARCH = YES;
				SDKROOT = macosx;
			};
			name = Debug;
		};
		0B54FE841CD1BE510056FFDB /* Release */ = {
			isa = XCBuildConfiguration;
			buildSettings = {
				ALWAYS_SEARCH_USER_PATHS = NO;
				CLANG_CXX_LANGUAGE_STANDARD = "gnu++0x";
				CLANG_CXX_LIBRARY = "libc++";
				CLANG_ENABLE_MODULES = YES;
				CLANG_ENABLE_OBJC_ARC = YES;
				CLANG_WARN_BOOL_CONVERSION = YES;
				CLANG_WARN_CONSTANT_CONVERSION = YES;
				CLANG_WARN_DIRECT_OBJC_ISA_USAGE = YES_ERROR;
				CLANG_WARN_EMPTY_BODY = YES;
				CLANG_WARN_ENUM_CONVERSION = YES;
				CLANG_WARN_INT_CONVERSION = YES;
				CLANG_WARN_OBJC_ROOT_CLASS = YES_ERROR;
				CLANG_WARN_UNREACHABLE_CODE = YES;
				CLANG_WARN__DUPLICATE_METHOD_MATCH = YES;
				CODE_SIGN_IDENTITY = "-";
				COPY_PHASE_STRIP = NO;
				DEBUG_INFORMATION_FORMAT = "dwarf-with-dsym";
				ENABLE_NS_ASSERTIONS = NO;
				ENABLE_STRICT_OBJC_MSGSEND = YES;
				GCC_C_LANGUAGE_STANDARD = gnu99;
				GCC_NO_COMMON_BLOCKS = YES;
				GCC_WARN_64_TO_32_BIT_CONVERSION = YES;
				GCC_WARN_ABOUT_RETURN_TYPE = YES_ERROR;
				GCC_WARN_UNDECLARED_SELECTOR = YES;
				GCC_WARN_UNINITIALIZED_AUTOS = YES_AGGRESSIVE;
				GCC_WARN_UNUSED_FUNCTION = YES;
				GCC_WARN_UNUSED_VARIABLE = YES;
				MACOSX_DEPLOYMENT_TARGET = 10.10;
				MTL_ENABLE_DEBUG_INFO = NO;
				SDKROOT = macosx;
			};
			name = Release;
		};
		0B54FE861CD1BE510056FFDB /* Debug */ = {
			isa = XCBuildConfiguration;
			buildSettings = {
				PRODUCT_NAME = "$(TARGET_NAME)";
			};
			name = Debug;
		};
		0B54FE871CD1BE510056FFDB /* Release */ = {
			isa = XCBuildConfiguration;
			buildSettings = {
				PRODUCT_NAME = "$(TARGET_NAME)";
			};
			name = Release;
		};
/* End XCBuildConfiguration section */

/* Begin XCConfigurationList section */
		0B54FE791CD1BE510056FFDB /* Build configuration list for PBXProject "SampleObjectiveC" */ = {
			isa = XCConfigurationList;
			buildConfigurations = (
				0B54FE831CD1BE510056FFDB /* Debug */,
				0B54FE841CD1BE510056FFDB /* Release */,
			);
			defaultConfigurationIsVisible = 0;
			defaultConfigurationName = Release;
		};
		0B54FE851CD1BE510056FFDB /* Build configuration list for PBXNativeTarget "SampleObjectiveC" */ = {
			isa = XCConfigurationList;
			buildConfigurations = (
				0B54FE861CD1BE510056FFDB /* Debug */,
				0B54FE871CD1BE510056FFDB /* Release */,
			);
			defaultConfigurationIsVisible = 0;
			defaultConfigurationName = Release;
		};
/* End XCConfigurationList section */
	};
	rootObject = 0B54FE761CD1BE510056FFDB /* Project object */;
}
